
Microsoft Visual Studio Solution File, Format Version 12.00
# Visual Studio 2017
Project("{FAE04EC0-301F-11D3-BF4B-00C04F79EFBC}") = "VRBuilding", "VRBuilding.csproj", "{8027D633-0783-E6E5-D52E-02B593968B5F}"
EndProject
Project("{FAE04EC0-301F-11D3-BF4B-00C04F79EFBC}") = "VRBuilding.Editor", "VRBuilding.Editor.csproj", "{DE5BC665-E187-ED09-EBE9-BE16078799F5}"
EndProject
Global
	GlobalSection(SolutionConfigurationPlatforms) = preSolution
		Debug|Any CPU = Debug|Any CPU
		Release|Any CPU = Release|Any CPU
	EndGlobalSection
	GlobalSection(ProjectConfigurationPlatforms) = postSolution
		{8027D633-0783-E6E5-D52E-02B593968B5F}.Debug|Any CPU.ActiveCfg = Debug|Any CPU
		{8027D633-0783-E6E5-D52E-02B593968B5F}.Debug|Any CPU.Build.0 = Debug|Any CPU
		{8027D633-0783-E6E5-D52E-02B593968B5F}.Release|Any CPU.ActiveCfg = Release|Any CPU
		{8027D633-0783-E6E5-D52E-02B593968B5F}.Release|Any CPU.Build.0 = Release|Any CPU
		{DE5BC665-E187-ED09-EBE9-BE16078799F5}.Debug|Any CPU.ActiveCfg = Debug|Any CPU
		{DE5BC665-E187-ED09-EBE9-BE16078799F5}.Debug|Any CPU.Build.0 = Debug|Any CPU
		{DE5BC665-E187-ED09-EBE9-BE16078799F5}.Release|Any CPU.ActiveCfg = Release|Any CPU
		{DE5BC665-E187-ED09-EBE9-BE16078799F5}.Release|Any CPU.Build.0 = Release|Any CPU
	EndGlobalSection
	GlobalSection(SolutionProperties) = preSolution
		HideSolutionNode = FALSE
	EndGlobalSection
EndGlobal
